{
    "name": "dm-casamentos",
    "version": "1.0.0",
    "lockfileVersion": 1,
    "requires": true,
    "dependencies": {
        "encoding": {
            "version": "0.1.12",
            "resolved": "https://registry.npmjs.org/encoding/-/encoding-0.1.12.tgz",
            "integrity": "sha1-U4tm8+5izRq1HsMjgp0flIDHS+s=",
            "requires": {
                "iconv-lite": "0.4.18"
            }
        },
        "iconv-lite": {
            "version": "0.4.18",
            "resolved": "https://registry.npmjs.org/iconv-lite/-/iconv-lite-0.4.18.tgz",
            "integrity": "sha512-sr1ZQph3UwHTR0XftSbK85OvBbxe/abLGzEnPENCQwmHf7sck8Oyu4ob3LgBxWWxRoM+QszeUyl7jbqapu2TqA=="
        },
        "insecure": {
            "version": "0.0.4",
            "resolved": "https://registry.npmjs.org/insecure/-/insecure-0.0.4.tgz",
            "integrity": "sha1-7EVJZbmDk6pzrUXMSUzXCPqs61Y="
        },
        "nodemailer": {
            "version": "4.1.0",
            "resolved": "https://registry.npmjs.org/nodemailer/-/nodemailer-4.1.0.tgz",
            "integrity": "sha512-pZg74CNQgnC0gZTfH0btXCxjKj7/2v5pea6hmMJ/iKyT48Z81TXZua7c65clwqKIlWfMfYBQG3OkrKxycIdXTw=="
        }
    }
}
